
Microsoft Visual Studio Solution File, Format Version 12.00
# Visual Studio 15
VisualStudioVersion = 15.0.26124.0
MinimumVisualStudioVersion = 15.0.26124.0
Project("{2150E333-8FDC-42A3-9474-1A3956D46DE8}") = "1.Presentation", "1.Presentation", "{459C2C8A-8565-495D-B119-CE5F9025D152}"
EndProject
Project("{2150E333-8FDC-42A3-9474-1A3956D46DE8}") = "2.Application", "2.Application", "{6E0C259C-54B2-4F1B-9C76-FCB2EDA3CC6F}"
EndProject
Project("{2150E333-8FDC-42A3-9474-1A3956D46DE8}") = "3.Domain", "3.Domain", "{60E593AF-1159-4061-BE75-5879339F4910}"
EndProject
Project("{2150E333-8FDC-42A3-9474-1A3956D46DE8}") = "4.Infra", "4.Infra", "{1ED0C378-0123-4F11-AC3E-9DFE0A04A472}"
EndProject
Project("{FAE04EC0-301F-11D3-BF4B-00C04F79EFBC}") = "ITDeveloper.Mvc", "src\ITDeveloper.Mvc\ITDeveloper.Mvc.csproj", "{ED6F2222-8265-4CA1-BA91-F34CEBA6DCC8}"
EndProject
Project("{FAE04EC0-301F-11D3-BF4B-00C04F79EFBC}") = "ITDeveloper.Domain", "src\ITDeveloper.Domain\ITDeveloper.Domain.csproj", "{F4C3D79B-9603-4893-B461-1E8DDED5D2E1}"
EndProject
Project("{2150E333-8FDC-42A3-9474-1A3956D46DE8}") = "4.1.Data", "4.1.Data", "{1ACC3D68-0890-4D31-A90F-C8EEC14F87D2}"
EndProject
Project("{2150E333-8FDC-42A3-9474-1A3956D46DE8}") = "4.2.MapEntities", "4.2.MapEntities", "{BA708EF4-059F-4DE1-B262-9EE503EA15A0}"
EndProject
Project("{FAE04EC0-301F-11D3-BF4B-00C04F79EFBC}") = "ITDeveloper.Data", "src\ITDeveloper.Data\ITDeveloper.Data.csproj", "{DBA19B1C-11AC-45C5-A10C-A0AD1176E518}"
EndProject
Global
	GlobalSection(SolutionConfigurationPlatforms) = preSolution
		Debug|Any CPU = Debug|Any CPU
		Debug|x64 = Debug|x64
		Debug|x86 = Debug|x86
		Release|Any CPU = Release|Any CPU
		Release|x64 = Release|x64
		Release|x86 = Release|x86
	EndGlobalSection
	GlobalSection(SolutionProperties) = preSolution
		HideSolutionNode = FALSE
	EndGlobalSection
	GlobalSection(ProjectConfigurationPlatforms) = postSolution
		{ED6F2222-8265-4CA1-BA91-F34CEBA6DCC8}.Debug|Any CPU.ActiveCfg = Debug|Any CPU
		{ED6F2222-8265-4CA1-BA91-F34CEBA6DCC8}.Debug|Any CPU.Build.0 = Debug|Any CPU
		{ED6F2222-8265-4CA1-BA91-F34CEBA6DCC8}.Debug|x64.ActiveCfg = Debug|Any CPU
		{ED6F2222-8265-4CA1-BA91-F34CEBA6DCC8}.Debug|x64.Build.0 = Debug|Any CPU
		{ED6F2222-8265-4CA1-BA91-F34CEBA6DCC8}.Debug|x86.ActiveCfg = Debug|Any CPU
		{ED6F2222-8265-4CA1-BA91-F34CEBA6DCC8}.Debug|x86.Build.0 = Debug|Any CPU
		{ED6F2222-8265-4CA1-BA91-F34CEBA6DCC8}.Release|Any CPU.ActiveCfg = Release|Any CPU
		{ED6F2222-8265-4CA1-BA91-F34CEBA6DCC8}.Release|Any CPU.Build.0 = Release|Any CPU
		{ED6F2222-8265-4CA1-BA91-F34CEBA6DCC8}.Release|x64.ActiveCfg = Release|Any CPU
		{ED6F2222-8265-4CA1-BA91-F34CEBA6DCC8}.Release|x64.Build.0 = Release|Any CPU
		{ED6F2222-8265-4CA1-BA91-F34CEBA6DCC8}.Release|x86.ActiveCfg = Release|Any CPU
		{ED6F2222-8265-4CA1-BA91-F34CEBA6DCC8}.Release|x86.Build.0 = Release|Any CPU
		{F4C3D79B-9603-4893-B461-1E8DDED5D2E1}.Debug|Any CPU.ActiveCfg = Debug|Any CPU
		{F4C3D79B-9603-4893-B461-1E8DDED5D2E1}.Debug|Any CPU.Build.0 = Debug|Any CPU
		{F4C3D79B-9603-4893-B461-1E8DDED5D2E1}.Debug|x64.ActiveCfg = Debug|Any CPU
		{F4C3D79B-9603-4893-B461-1E8DDED5D2E1}.Debug|x64.Build.0 = Debug|Any CPU
		{F4C3D79B-9603-4893-B461-1E8DDED5D2E1}.Debug|x86.ActiveCfg = Debug|Any CPU
		{F4C3D79B-9603-4893-B461-1E8DDED5D2E1}.Debug|x86.Build.0 = Debug|Any CPU
		{F4C3D79B-9603-4893-B461-1E8DDED5D2E1}.Release|Any CPU.ActiveCfg = Release|Any CPU
		{F4C3D79B-9603-4893-B461-1E8DDED5D2E1}.Release|Any CPU.Build.0 = Release|Any CPU
		{F4C3D79B-9603-4893-B461-1E8DDED5D2E1}.Release|x64.ActiveCfg = Release|Any CPU
		{F4C3D79B-9603-4893-B461-1E8DDED5D2E1}.Release|x64.Build.0 = Release|Any CPU
		{F4C3D79B-9603-4893-B461-1E8DDED5D2E1}.Release|x86.ActiveCfg = Release|Any CPU
		{F4C3D79B-9603-4893-B461-1E8DDED5D2E1}.Release|x86.Build.0 = Release|Any CPU
		{DBA19B1C-11AC-45C5-A10C-A0AD1176E518}.Debug|Any CPU.ActiveCfg = Debug|Any CPU
		{DBA19B1C-11AC-45C5-A10C-A0AD1176E518}.Debug|Any CPU.Build.0 = Debug|Any CPU
		{DBA19B1C-11AC-45C5-A10C-A0AD1176E518}.Debug|x64.ActiveCfg = Debug|Any CPU
		{DBA19B1C-11AC-45C5-A10C-A0AD1176E518}.Debug|x64.Build.0 = Debug|Any CPU
		{DBA19B1C-11AC-45C5-A10C-A0AD1176E518}.Debug|x86.ActiveCfg = Debug|Any CPU
		{DBA19B1C-11AC-45C5-A10C-A0AD1176E518}.Debug|x86.Build.0 = Debug|Any CPU
		{DBA19B1C-11AC-45C5-A10C-A0AD1176E518}.Release|Any CPU.ActiveCfg = Release|Any CPU
		{DBA19B1C-11AC-45C5-A10C-A0AD1176E518}.Release|Any CPU.Build.0 = Release|Any CPU
		{DBA19B1C-11AC-45C5-A10C-A0AD1176E518}.Release|x64.ActiveCfg = Release|Any CPU
		{DBA19B1C-11AC-45C5-A10C-A0AD1176E518}.Release|x64.Build.0 = Release|Any CPU
		{DBA19B1C-11AC-45C5-A10C-A0AD1176E518}.Release|x86.ActiveCfg = Release|Any CPU
		{DBA19B1C-11AC-45C5-A10C-A0AD1176E518}.Release|x86.Build.0 = Release|Any CPU
	EndGlobalSection
	GlobalSection(NestedProjects) = preSolution
		{ED6F2222-8265-4CA1-BA91-F34CEBA6DCC8} = {459C2C8A-8565-495D-B119-CE5F9025D152}
		{F4C3D79B-9603-4893-B461-1E8DDED5D2E1} = {60E593AF-1159-4061-BE75-5879339F4910}
		{1ACC3D68-0890-4D31-A90F-C8EEC14F87D2} = {1ED0C378-0123-4F11-AC3E-9DFE0A04A472}
		{BA708EF4-059F-4DE1-B262-9EE503EA15A0} = {1ED0C378-0123-4F11-AC3E-9DFE0A04A472}
		{DBA19B1C-11AC-45C5-A10C-A0AD1176E518} = {1ACC3D68-0890-4D31-A90F-C8EEC14F87D2}
	EndGlobalSection
EndGlobal
